// !$*UTF8*$!
{
	archiveVersion = 1;
	classes = {
	};
	objectVersion = 56;
	objects = {

/* Begin PBXBuildFile section */
		2FBC10842B46883700B12BD7 /* WelcomePageApp.swift in Sources */ = {isa = PBXBuildFile; fileRef = 2FBC10832B46883700B12BD7 /* WelcomePageApp.swift */; };
		2FBC10862B46883700B12BD7 /* ContentView.swift in Sources */ = {isa = PBXBuildFile; fileRef = 2FBC10852B46883700B12BD7 /* ContentView.swift */; };
		2FBC10882B46883C00B12BD7 /* Assets.xcassets in Resources */ = {isa = PBXBuildFile; fileRef = 2FBC10872B46883C00B12BD7 /* Assets.xcassets */; };
		2FBC108B2B46883C00B12BD7 /* Preview Assets.xcassets in Resources */ = {isa = PBXBuildFile; fileRef = 2FBC108A2B46883C00B12BD7 /* Preview Assets.xcassets */; };
		2FBC10952B46883C00B12BD7 /* WelcomePageTests.swift in Sources */ = {isa = PBXBuildFile; fileRef = 2FBC10942B46883C00B12BD7 /* WelcomePageTests.swift */; };
		2FBC109F2B46883D00B12BD7 /* WelcomePageUITests.swift in Sources */ = {isa = PBXBuildFile; fileRef = 2FBC109E2B46883D00B12BD7 /* WelcomePageUITests.swift */; };
		2FBC10A12B46883D00B12BD7 /* WelcomePageUITestsLaunchTests.swift in Sources */ = {isa = PBXBuildFile; fileRef = 2FBC10A02B46883D00B12BD7 /* WelcomePageUITestsLaunchTests.swift */; };
		2FBC10AE2B468B9D00B12BD7 /* FeaturesPage.swift in Sources */ = {isa = PBXBuildFile; fileRef = 2FBC10AD2B468B9D00B12BD7 /* FeaturesPage.swift */; };
		2FBC10B02B468BBE00B12BD7 /* FeatureCard.swift in Sources */ = {isa = PBXBuildFile; fileRef = 2FBC10AF2B468BBE00B12BD7 /* FeatureCard.swift */; };
		2FBC10B22B468E0900B12BD7 /* WelcomePage.swift in Sources */ = {isa = PBXBuildFile; fileRef = 2FBC10B12B468E0900B12BD7 /* WelcomePage.swift */; };
/* End PBXBuildFile section */

/* Begin PBXContainerItemProxy section */
		2FBC10912B46883C00B12BD7 /* PBXContainerItemProxy */ = {
			isa = PBXContainerItemProxy;
			containerPortal = 2FBC10782B46883700B12BD7 /* Project object */;
			proxyType = 1;
			remoteGlobalIDString = 2FBC107F2B46883700B12BD7;
			remoteInfo = WelcomePage;
		};
		2FBC109B2B46883C00B12BD7 /* PBXContainerItemProxy */ = {
			isa = PBXContainerItemProxy;
			containerPortal = 2FBC10782B46883700B12BD7 /* Project object */;
			proxyType = 1;
			remoteGlobalIDString = 2FBC107F2B46883700B12BD7;
			remoteInfo = WelcomePage;
		};
/* End PBXContainerItemProxy section */

/* Begin PBXFileReference section */
		2FBC10802B46883700B12BD7 /* WelcomePage.app */ = {isa = PBXFileReference; explicitFileType = wrapper.application; includeInIndex = 0; path = WelcomePage.app; sourceTree = BUILT_PRODUCTS_DIR; };
		2FBC10832B46883700B12BD7 /* WelcomePageApp.swift */ = {isa = PBXFileReference; lastKnownFileType = sourcecode.swift; path = WelcomePageApp.swift; sourceTree = "<group>"; };
		2FBC10852B46883700B12BD7 /* ContentView.swift */ = {isa = PBXFileReference; lastKnownFileType = sourcecode.swift; path = ContentView.swift; sourceTree = "<group>"; };
		2FBC10872B46883C00B12BD7 /* Assets.xcassets */ = {isa = PBXFileReference; lastKnownFileType = folder.assetcatalog; path = Assets.xcassets; sourceTree = "<group>"; };
		2FBC108A2B46883C00B12BD7 /* Preview Assets.xcassets */ = {isa = PBXFileReference; lastKnownFileType = folder.assetcatalog; path = "Preview Assets.xcassets"; sourceTree = "<group>"; };
		2FBC10902B46883C00B12BD7 /* WelcomePageTests.xctest */ = {isa = PBXFileReference; explicitFileType = wrapper.cfbundle; includeInIndex = 0; path = WelcomePageTests.xctest; sourceTree = BUILT_PRODUCTS_DIR; };
		2FBC10942B46883C00B12BD7 /* WelcomePageTests.swift */ = {isa = PBXFileReference; lastKnownFileType = sourcecode.swift; path = WelcomePageTests.swift; sourceTree = "<group>"; };
		2FBC109A2B46883C00B12BD7 /* WelcomePageUITests.xctest */ = {isa = PBXFileReference; explicitFileType = wrapper.cfbundle; includeInIndex = 0; path = WelcomePageUITests.xctest; sourceTree = BUILT_PRODUCTS_DIR; };
		2FBC109E2B46883D00B12BD7 /* WelcomePageUITests.swift */ = {isa = PBXFileReference; lastKnownFileType = sourcecode.swift; path = WelcomePageUITests.swift; sourceTree = "<group>"; };
		2FBC10A02B46883D00B12BD7 /* WelcomePageUITestsLaunchTests.swift */ = {isa = PBXFileReference; lastKnownFileType = sourcecode.swift; path = WelcomePageUITestsLaunchTests.swift; sourceTree = "<group>"; };
		2FBC10AD2B468B9D00B12BD7 /* FeaturesPage.swift */ = {isa = PBXFileReference; lastKnownFileType = sourcecode.swift; path = FeaturesPage.swift; sourceTree = "<group>"; };
		2FBC10AF2B468BBE00B12BD7 /* FeatureCard.swift */ = {isa = PBXFileReference; lastKnownFileType = sourcecode.swift; path = FeatureCard.swift; sourceTree = "<group>"; };
		2FBC10B12B468E0900B12BD7 /* WelcomePage.swift */ = {isa = PBXFileReference; lastKnownFileType = sourcecode.swift; path = WelcomePage.swift; sourceTree = "<group>"; };
/* End PBXFileReference section */

/* Begin PBXFrameworksBuildPhase section */
		2FBC107D2B46883700B12BD7 /* Frameworks */ = {
			isa = PBXFrameworksBuildPhase;
			buildActionMask = 2147483647;
			files = (
			);
			runOnlyForDeploymentPostprocessing = 0;
		};
		2FBC108D2B46883C00B12BD7 /* Frameworks */ = {
			isa = PBXFrameworksBuildPhase;
			buildActionMask = 2147483647;
			files = (
			);
			runOnlyForDeploymentPostprocessing = 0;
		};
		2FBC10972B46883C00B12BD7 /* Frameworks */ = {
			isa = PBXFrameworksBuildPhase;
			buildActionMask = 2147483647;
			files = (
			);
			runOnlyForDeploymentPostprocessing = 0;
		};
/* End PBXFrameworksBuildPhase section */

/* Begin PBXGroup section */
		2FBC10772B46883700B12BD7 = {
			isa = PBXGroup;
			children = (
				2FBC10822B46883700B12BD7 /* WelcomePage */,
				2FBC10932B46883C00B12BD7 /* WelcomePageTests */,
				2FBC109D2B46883C00B12BD7 /* WelcomePageUITests */,
				2FBC10812B46883700B12BD7 /* Products */,
			);
			sourceTree = "<group>";
		};
		2FBC10812B46883700B12BD7 /* Products */ = {
			isa = PBXGroup;
			children = (
				2FBC10802B46883700B12BD7 /* WelcomePage.app */,
				2FBC10902B46883C00B12BD7 /* WelcomePageTests.xctest */,
				2FBC109A2B46883C00B12BD7 /* WelcomePageUITests.xctest */,
			);
			name = Products;
			sourceTree = "<group>";
		};
		2FBC10822B46883700B12BD7 /* WelcomePage */ = {
			isa = PBXGroup;
			children = (
				2FBC10832B46883700B12BD7 /* WelcomePageApp.swift */,
				2FBC10852B46883700B12BD7 /* ContentView.swift */,
				2FBC10872B46883C00B12BD7 /* Assets.xcassets */,
				2FBC10892B46883C00B12BD7 /* Preview Content */,
				2FBC10AD2B468B9D00B12BD7 /* FeaturesPage.swift */,
				2FBC10AF2B468BBE00B12BD7 /* FeatureCard.swift */,
				2FBC10B12B468E0900B12BD7 /* WelcomePage.swift */,
			);
			path = WelcomePage;
			sourceTree = "<group>";
		};
		2FBC10892B46883C00B12BD7 /* Preview Content */ = {
			isa = PBXGroup;
			children = (
				2FBC108A2B46883C00B12BD7 /* Preview Assets.xcassets */,
			);
			path = "Preview Content";
			sourceTree = "<group>";
		};
		2FBC10932B46883C00B12BD7 /* WelcomePageTests */ = {
			isa = PBXGroup;
			children = (
				2FBC10942B46883C00B12BD7 /* WelcomePageTests.swift */,
			);
			path = WelcomePageTests;
			sourceTree = "<group>";
		};
		2FBC109D2B46883C00B12BD7 /* WelcomePageUITests */ = {
			isa = PBXGroup;
			children = (
				2FBC109E2B46883D00B12BD7 /* WelcomePageUITests.swift */,
				2FBC10A02B46883D00B12BD7 /* WelcomePageUITestsLaunchTests.swift */,
			);
			path = WelcomePageUITests;
			sourceTree = "<group>";
		};
/* End PBXGroup section */

/* Begin PBXNativeTarget section */
		2FBC107F2B46883700B12BD7 /* WelcomePage */ = {
			isa = PBXNativeTarget;
			buildConfigurationList = 2FBC10A42B46883D00B12BD7 /* Build configuration list for PBXNativeTarget "WelcomePage" */;
			buildPhases = (
				2FBC107C2B46883700B12BD7 /* Sources */,
				2FBC107D2B46883700B12BD7 /* Frameworks */,
				2FBC107E2B46883700B12BD7 /* Resources */,
			);
			buildRules = (
			);
			dependencies = (
			);
			name = WelcomePage;
			productName = WelcomePage;
			productReference = 2FBC10802B46883700B12BD7 /* WelcomePage.app */;
			productType = "com.apple.product-type.application";
		};
		2FBC108F2B46883C00B12BD7 /* WelcomePageTests */ = {
			isa = PBXNativeTarget;
			buildConfigurationList = 2FBC10A72B46883D00B12BD7 /* Build configuration list for PBXNativeTarget "WelcomePageTests" */;
			buildPhases = (
				2FBC108C2B46883C00B12BD7 /* Sources */,
				2FBC108D2B46883C00B12BD7 /* Frameworks */,
				2FBC108E2B46883C00B12BD7 /* Resources */,
			);
			buildRules = (
			);
			dependencies = (
				2FBC10922B46883C00B12BD7 /* PBXTargetDependency */,
			);
			name = WelcomePageTests;
			productName = WelcomePageTests;
			productReference = 2FBC10902B46883C00B12BD7 /* WelcomePageTests.xctest */;
			productType = "com.apple.product-type.bundle.unit-test";
		};
		2FBC10992B46883C00B12BD7 /* WelcomePageUITests */ = {
			isa = PBXNativeTarget;
			buildConfigurationList = 2FBC10AA2B46883D00B12BD7 /* Build configuration list for PBXNativeTarget "WelcomePageUITests" */;
			buildPhases = (
				2FBC10962B46883C00B12BD7 /* Sources */,
				2FBC10972B46883C00B12BD7 /* Frameworks */,
				2FBC10982B46883C00B12BD7 /* Resources */,
			);
			buildRules = (
			);
			dependencies = (
				2FBC109C2B46883C00B12BD7 /* PBXTargetDependency */,
			);
			name = WelcomePageUITests;
			productName = WelcomePageUITests;
			productReference = 2FBC109A2B46883C00B12BD7 /* WelcomePageUITests.xctest */;
			productType = "com.apple.product-type.bundle.ui-testing";
		};
/* End PBXNativeTarget section */

/* Begin PBXProject section */
		2FBC10782B46883700B12BD7 /* Project object */ = {
			isa = PBXProject;
			attributes = {
				BuildIndependentTargetsInParallel = 1;
				LastSwiftUpdateCheck = 1510;
				LastUpgradeCheck = 1510;
				TargetAttributes = {
					2FBC107F2B46883700B12BD7 = {
						CreatedOnToolsVersion = 15.1;
					};
					2FBC108F2B46883C00B12BD7 = {
						CreatedOnToolsVersion = 15.1;
						TestTargetID = 2FBC107F2B46883700B12BD7;
					};
					2FBC10992B46883C00B12BD7 = {
						CreatedOnToolsVersion = 15.1;
						TestTargetID = 2FBC107F2B46883700B12BD7;
					};
				};
			};
			buildConfigurationList = 2FBC107B2B46883700B12BD7 /* Build configuration list for PBXProject "WelcomePage" */;
			compatibilityVersion = "Xcode 14.0";
			developmentRegion = en;
			hasScannedForEncodings = 0;
			knownRegions = (
				en,
				Base,
			);
			mainGroup = 2FBC10772B46883700B12BD7;
			productRefGroup = 2FBC10812B46883700B12BD7 /* Products */;
			projectDirPath = "";
			projectRoot = "";
			targets = (
				2FBC107F2B46883700B12BD7 /* WelcomePage */,
				2FBC108F2B46883C00B12BD7 /* WelcomePageTests */,
				2FBC10992B46883C00B12BD7 /* WelcomePageUITests */,
			);
		};
/* End PBXProject section */

/* Begin PBXResourcesBuildPhase section */
		2FBC107E2B46883700B12BD7 /* Resources */ = {
			isa = PBXResourcesBuildPhase;
			buildActionMask = 2147483647;
			files = (
				2FBC108B2B46883C00B12BD7 /* Preview Assets.xcassets in Resources */,
				2FBC10882B46883C00B12BD7 /* Assets.xcassets in Resources */,
			);
			runOnlyForDeploymentPostprocessing = 0;
		};
		2FBC108E2B46883C00B12BD7 /* Resources */ = {
			isa = PBXResourcesBuildPhase;
			buildActionMask = 2147483647;
			files = (
			);
			runOnlyForDeploymentPostprocessing = 0;
		};
		2FBC10982B46883C00B12BD7 /* Resources */ = {
			isa = PBXResourcesBuildPhase;
			buildActionMask = 2147483647;
			files = (
			);
			runOnlyForDeploymentPostprocessing = 0;
		};
/* End PBXResourcesBuildPhase section */

/* Begin PBXSourcesBuildPhase section */
		2FBC107C2B46883700B12BD7 /* Sources */ = {
			isa = PBXSourcesBuildPhase;
			buildActionMask = 2147483647;
			files = (
				2FBC10B22B468E0900B12BD7 /* WelcomePage.swift in Sources */,
				2FBC10AE2B468B9D00B12BD7 /* FeaturesPage.swift in Sources */,
				2FBC10862B46883700B12BD7 /* ContentView.swift in Sources */,
				2FBC10B02B468BBE00B12BD7 /* FeatureCard.swift in Sources */,
				2FBC10842B46883700B12BD7 /* WelcomePageApp.swift in Sources */,
			);
			runOnlyForDeploymentPostprocessing = 0;
		};
		2FBC108C2B46883C00B12BD7 /* Sources */ = {
			isa = PBXSourcesBuildPhase;
			buildActionMask = 2147483647;
			files = (
				2FBC10952B46883C00B12BD7 /* WelcomePageTests.swift in Sources */,
			);
			runOnlyForDeploymentPostprocessing = 0;
		};
		2FBC10962B46883C00B12BD7 /* Sources */ = {
			isa = PBXSourcesBuildPhase;
			buildActionMask = 2147483647;
			files = (
				2FBC10A12B46883D00B12BD7 /* WelcomePageUITestsLaunchTests.swift in Sources */,
				2FBC109F2B46883D00B12BD7 /* WelcomePageUITests.swift in Sources */,
			);
			runOnlyForDeploymentPostprocessing = 0;
		};
/* End PBXSourcesBuildPhase section */

/* Begin PBXTargetDependency section */
		2FBC10922B46883C00B12BD7 /* PBXTargetDependency */ = {
			isa = PBXTargetDependency;
			target = 2FBC107F2B46883700B12BD7 /* WelcomePage */;
			targetProxy = 2FBC10912B46883C00B12BD7 /* PBXContainerItemProxy */;
		};
		2FBC109C2B46883C00B12BD7 /* PBXTargetDependency */ = {
			isa = PBXTargetDependency;
			target = 2FBC107F2B46883700B12BD7 /* WelcomePage */;
			targetProxy = 2FBC109B2B46883C00B12BD7 /* PBXContainerItemProxy */;
		};
/* End PBXTargetDependency section */

/* Begin XCBuildConfiguration section */
		2FBC10A22B46883D00B12BD7 /* Debug */ = {
			isa = XCBuildConfiguration;
			buildSettings = {
				ALWAYS_SEARCH_USER_PATHS = NO;
				ASSETCATALOG_COMPILER_GENERATE_SWIFT_ASSET_SYMBOL_EXTENSIONS = YES;
				CLANG_ANALYZER_NONNULL = YES;
				CLANG_ANALYZER_NUMBER_OBJECT_CONVERSION = YES_AGGRESSIVE;
				CLANG_CXX_LANGUAGE_STANDARD = "gnu++20";
				CLANG_ENABLE_MODULES = YES;
				CLANG_ENABLE_OBJC_ARC = YES;
				CLANG_ENABLE_OBJC_WEAK = YES;
				CLANG_WARN_BLOCK_CAPTURE_AUTORELEASING = YES;
				CLANG_WARN_BOOL_CONVERSION = YES;
				CLANG_WARN_COMMA = YES;
				CLANG_WARN_CONSTANT_CONVERSION = YES;
				CLANG_WARN_DEPRECATED_OBJC_IMPLEMENTATIONS = YES;
				CLANG_WARN_DIRECT_OBJC_ISA_USAGE = YES_ERROR;
				CLANG_WARN_DOCUMENTATION_COMMENTS = YES;
				CLANG_WARN_EMPTY_BODY = YES;
				CLANG_WARN_ENUM_CONVERSION = YES;
				CLANG_WARN_INFINITE_RECURSION = YES;
				CLANG_WARN_INT_CONVERSION = YES;
				CLANG_WARN_NON_LITERAL_NULL_CONVERSION = YES;
				CLANG_WARN_OBJC_IMPLICIT_RETAIN_SELF = YES;
				CLANG_WARN_OBJC_LITERAL_CONVERSION = YES;
				CLANG_WARN_OBJC_ROOT_CLASS = YES_ERROR;
				CLANG_WARN_QUOTED_INCLUDE_IN_FRAMEWORK_HEADER = YES;
				CLANG_WARN_RANGE_LOOP_ANALYSIS = YES;
				CLANG_WARN_STRICT_PROTOTYPES = YES;
				CLANG_WARN_SUSPICIOUS_MOVE = YES;
				CLANG_WARN_UNGUARDED_AVAILABILITY = YES_AGGRESSIVE;
				CLANG_WARN_UNREACHABLE_CODE = YES;
				CLANG_WARN__DUPLICATE_METHOD_MATCH = YES;
				COPY_PHASE_STRIP = NO;
				DEBUG_INFORMATION_FORMAT = dwarf;
				ENABLE_STRICT_OBJC_MSGSEND = YES;
				ENABLE_TESTABILITY = YES;
				ENABLE_USER_SCRIPT_SANDBOXING = YES;
				GCC_C_LANGUAGE_STANDARD = gnu17;
				GCC_DYNAMIC_NO_PIC = NO;
				GCC_NO_COMMON_BLOCKS = YES;
				GCC_OPTIMIZATION_LEVEL = 0;
				GCC_PREPROCESSOR_DEFINITIONS = (
					"DEBUG=1",
					"$(inherited)",
				);
				GCC_WARN_64_TO_32_BIT_CONVERSION = YES;
				GCC_WARN_ABOUT_RETURN_TYPE = YES_ERROR;
				GCC_WARN_UNDECLARED_SELECTOR = YES;
				GCC_WARN_UNINITIALIZED_AUTOS = YES_AGGRESSIVE;
				GCC_WARN_UNUSED_FUNCTION = YES;
				GCC_WARN_UNUSED_VARIABLE = YES;
				IPHONEOS_DEPLOYMENT_TARGET = 17.2;
				LOCALIZATION_PREFERS_STRING_CATALOGS = YES;
				MTL_ENABLE_DEBUG_INFO = INCLUDE_SOURCE;
				MTL_FAST_MATH = YES;
				ONLY_ACTIVE_ARCH = YES;
				SDKROOT = iphoneos;
				SWIFT_ACTIVE_COMPILATION_CONDITIONS = "DEBUG $(inherited)";
				SWIFT_OPTIMIZATION_LEVEL = "-Onone";
			};
			name = Debug;
		};
		2FBC10A32B46883D00B12BD7 /* Release */ = {
			isa = XCBuildConfiguration;
			buildSettings = {
				ALWAYS_SEARCH_USER_PATHS = NO;
				ASSETCATALOG_COMPILER_GENERATE_SWIFT_ASSET_SYMBOL_EXTENSIONS = YES;
				CLANG_ANALYZER_NONNULL = YES;
				CLANG_ANALYZER_NUMBER_OBJECT_CONVERSION = YES_AGGRESSIVE;
				CLANG_CXX_LANGUAGE_STANDARD = "gnu++20";
				CLANG_ENABLE_MODULES = YES;
				CLANG_ENABLE_OBJC_ARC = YES;
				CLANG_ENABLE_OBJC_WEAK = YES;
				CLANG_WARN_BLOCK_CAPTURE_AUTORELEASING = YES;
				CLANG_WARN_BOOL_CONVERSION = YES;
				CLANG_WARN_COMMA = YES;
				CLANG_WARN_CONSTANT_CONVERSION = YES;
				CLANG_WARN_DEPRECATED_OBJC_IMPLEMENTATIONS = YES;
				CLANG_WARN_DIRECT_OBJC_ISA_USAGE = YES_ERROR;
				CLANG_WARN_DOCUMENTATION_COMMENTS = YES;
				CLANG_WARN_EMPTY_BODY = YES;
				CLANG_WARN_ENUM_CONVERSION = YES;
				CLANG_WARN_INFINITE_RECURSION = YES;
				CLANG_WARN_INT_CONVERSION = YES;
				CLANG_WARN_NON_LITERAL_NULL_CONVERSION = YES;
				CLANG_WARN_OBJC_IMPLICIT_RETAIN_SELF = YES;
				CLANG_WARN_OBJC_LITERAL_CONVERSION = YES;
				CLANG_WARN_OBJC_ROOT_CLASS = YES_ERROR;
				CLANG_WARN_QUOTED_INCLUDE_IN_FRAMEWORK_HEADER = YES;
				CLANG_WARN_RANGE_LOOP_ANALYSIS = YES;
				CLANG_WARN_STRICT_PROTOTYPES = YES;
				CLANG_WARN_SUSPICIOUS_MOVE = YES;
				CLANG_WARN_UNGUARDED_AVAILABILITY = YES_AGGRESSIVE;
				CLANG_WARN_UNREACHABLE_CODE = YES;
				CLANG_WARN__DUPLICATE_METHOD_MATCH = YES;
				COPY_PHASE_STRIP = NO;
				DEBUG_INFORMATION_FORMAT = "dwarf-with-dsym";
				ENABLE_NS_ASSERTIONS = NO;
				ENABLE_STRICT_OBJC_MSGSEND = YES;
				ENABLE_USER_SCRIPT_SANDBOXING = YES;
				GCC_C_LANGUAGE_STANDARD = gnu17;
				GCC_NO_COMMON_BLOCKS = YES;
				GCC_WARN_64_TO_32_BIT_CONVERSION = YES;
				GCC_WARN_ABOUT_RETURN_TYPE = YES_ERROR;
				GCC_WARN_UNDECLARED_SELECTOR = YES;
				GCC_WARN_UNINITIALIZED_AUTOS = YES_AGGRESSIVE;
				GCC_WARN_UNUSED_FUNCTION = YES;
				GCC_WARN_UNUSED_VARIABLE = YES;
				IPHONEOS_DEPLOYMENT_TARGET = 17.2;
				LOCALIZATION_PREFERS_STRING_CATALOGS = YES;
				MTL_ENABLE_DEBUG_INFO = NO;
				MTL_FAST_MATH = YES;
				SDKROOT = iphoneos;
				SWIFT_COMPILATION_MODE = wholemodule;
				VALIDATE_PRODUCT = YES;
			};
			name = Release;
		};
		2FBC10A52B46883D00B12BD7 /* Debug */ = {
			isa = XCBuildConfiguration;
			buildSettings = {
				ASSETCATALOG_COMPILER_APPICON_NAME = AppIcon;
				ASSETCATALOG_COMPILER_GLOBAL_ACCENT_COLOR_NAME = AccentColor;
				CODE_SIGN_STYLE = Automatic;
				CURRENT_PROJECT_VERSION = 1;
				DEVELOPMENT_ASSET_PATHS = "\"WelcomePage/Preview Content\"";
				ENABLE_PREVIEWS = YES;
				GENERATE_INFOPLIST_FILE = YES;
				INFOPLIST_KEY_UIApplicationSceneManifest_Generation = YES;
				INFOPLIST_KEY_UIApplicationSupportsIndirectInputEvents = YES;
				INFOPLIST_KEY_UILaunchScreen_Generation = YES;
				INFOPLIST_KEY_UISupportedInterfaceOrientations_iPad = "UIInterfaceOrientationPortrait UIInterfaceOrientationPortraitUpsideDown UIInterfaceOrientationLandscapeLeft UIInterfaceOrientationLandscapeRight";
				INFOPLIST_KEY_UISupportedInterfaceOrientations_iPhone = "UIInterfaceOrientationPortrait UIInterfaceOrientationLandscapeLeft UIInterfaceOrientationLandscapeRight";
				LD_RUNPATH_SEARCH_PATHS = (
					"$(inherited)",
					"@executable_path/Frameworks",
				);
				MARKETING_VERSION = 1.0;
				PRODUCT_BUNDLE_IDENTIFIER = nakandakari.toru.WelcomePage;
				PRODUCT_NAME = "$(TARGET_NAME)";
				SWIFT_EMIT_LOC_STRINGS = YES;
				SWIFT_VERSION = 5.0;
				TARGETED_DEVICE_FAMILY = "1,2";
			};
			name = Debug;
		};
		2FBC10A62B46883D00B12BD7 /* Release */ = {
			isa = XCBuildConfiguration;
			buildSettings = {
				ASSETCATALOG_COMPILER_APPICON_NAME = AppIcon;
				ASSETCATALOG_COMPILER_GLOBAL_ACCENT_COLOR_NAME = AccentColor;
				CODE_SIGN_STYLE = Automatic;
				CURRENT_PROJECT_VERSION = 1;
				DEVELOPMENT_ASSET_PATHS = "\"WelcomePage/Preview Content\"";
				ENABLE_PREVIEWS = YES;
				GENERATE_INFOPLIST_FILE = YES;
				INFOPLIST_KEY_UIApplicationSceneManifest_Generation = YES;
				INFOPLIST_KEY_UIApplicationSupportsIndirectInputEvents = YES;
				INFOPLIST_KEY_UILaunchScreen_Generation = YES;
				INFOPLIST_KEY_UISupportedInterfaceOrientations_iPad = "UIInterfaceOrientationPortrait UIInterfaceOrientationPortraitUpsideDown UIInterfaceOrientationLandscapeLeft UIInterfaceOrientationLandscapeRight";
				INFOPLIST_KEY_UISupportedInterfaceOrientations_iPhone = "UIInterfaceOrientationPortrait UIInterfaceOrientationLandscapeLeft UIInterfaceOrientationLandscapeRight";
				LD_RUNPATH_SEARCH_PATHS = (
					"$(inherited)",
					"@executable_path/Frameworks",
				);
				MARKETING_VERSION = 1.0;
				PRODUCT_BUNDLE_IDENTIFIER = nakandakari.toru.WelcomePage;
				PRODUCT_NAME = "$(TARGET_NAME)";
				SWIFT_EMIT_LOC_STRINGS = YES;
				SWIFT_VERSION = 5.0;
				TARGETED_DEVICE_FAMILY = "1,2";
			};
			name = Release;
		};
		2FBC10A82B46883D00B12BD7 /* Debug */ = {
			isa = XCBuildConfiguration;
			buildSettings = {
				ALWAYS_EMBED_SWIFT_STANDARD_LIBRARIES = YES;
				BUNDLE_LOADER = "$(TEST_HOST)";
				CODE_SIGN_STYLE = Automatic;
				CURRENT_PROJECT_VERSION = 1;
				GENERATE_INFOPLIST_FILE = YES;
				IPHONEOS_DEPLOYMENT_TARGET = 17.2;
				MARKETING_VERSION = 1.0;
				PRODUCT_BUNDLE_IDENTIFIER = nakandakari.toru.WelcomePageTests;
				PRODUCT_NAME = "$(TARGET_NAME)";
				SWIFT_EMIT_LOC_STRINGS = NO;
				SWIFT_VERSION = 5.0;
				TARGETED_DEVICE_FAMILY = "1,2";
				TEST_HOST = "$(BUILT_PRODUCTS_DIR)/WelcomePage.app/$(BUNDLE_EXECUTABLE_FOLDER_PATH)/WelcomePage";
			};
			name = Debug;
		};
		2FBC10A92B46883D00B12BD7 /* Release */ = {
			isa = XCBuildConfiguration;
			buildSettings = {
				ALWAYS_EMBED_SWIFT_STANDARD_LIBRARIES = YES;
				BUNDLE_LOADER = "$(TEST_HOST)";
				CODE_SIGN_STYLE = Automatic;
				CURRENT_PROJECT_VERSION = 1;
				GENERATE_INFOPLIST_FILE = YES;
				IPHONEOS_DEPLOYMENT_TARGET = 17.2;
				MARKETING_VERSION = 1.0;
				PRODUCT_BUNDLE_IDENTIFIER = nakandakari.toru.WelcomePageTests;
				PRODUCT_NAME = "$(TARGET_NAME)";
				SWIFT_EMIT_LOC_STRINGS = NO;
				SWIFT_VERSION = 5.0;
				TARGETED_DEVICE_FAMILY = "1,2";
				TEST_HOST = "$(BUILT_PRODUCTS_DIR)/WelcomePage.app/$(BUNDLE_EXECUTABLE_FOLDER_PATH)/WelcomePage";
			};
			name = Release;
		};
		2FBC10AB2B46883D00B12BD7 /* Debug */ = {
			isa = XCBuildConfiguration;
			buildSettings = {
				ALWAYS_EMBED_SWIFT_STANDARD_LIBRARIES = YES;
				CODE_SIGN_STYLE = Automatic;
				CURRENT_PROJECT_VERSION = 1;
				GENERATE_INFOPLIST_FILE = YES;
				MARKETING_VERSION = 1.0;
				PRODUCT_BUNDLE_IDENTIFIER = nakandakari.toru.WelcomePageUITests;
				PRODUCT_NAME = "$(TARGET_NAME)";
				SWIFT_EMIT_LOC_STRINGS = NO;
				SWIFT_VERSION = 5.0;
				TARGETED_DEVICE_FAMILY = "1,2";
				TEST_TARGET_NAME = WelcomePage;
			};
			name = Debug;
		};
		2FBC10AC2B46883D00B12BD7 /* Release */ = {
			isa = XCBuildConfiguration;
			buildSettings = {
				ALWAYS_EMBED_SWIFT_STANDARD_LIBRARIES = YES;
				CODE_SIGN_STYLE = Automatic;
				CURRENT_PROJECT_VERSION = 1;
				GENERATE_INFOPLIST_FILE = YES;
				MARKETING_VERSION = 1.0;
				PRODUCT_BUNDLE_IDENTIFIER = nakandakari.toru.WelcomePageUITests;
				PRODUCT_NAME = "$(TARGET_NAME)";
				SWIFT_EMIT_LOC_STRINGS = NO;
				SWIFT_VERSION = 5.0;
				TARGETED_DEVICE_FAMILY = "1,2";
				TEST_TARGET_NAME = WelcomePage;
			};
			name = Release;
		};
/* End XCBuildConfiguration section */

/* Begin XCConfigurationList section */
		2FBC107B2B46883700B12BD7 /* Build configuration list for PBXProject "WelcomePage" */ = {
			isa = XCConfigurationList;
			buildConfigurations = (
				2FBC10A22B46883D00B12BD7 /* Debug */,
				2FBC10A32B46883D00B12BD7 /* Release */,
			);
			defaultConfigurationIsVisible = 0;
			defaultConfigurationName = Release;
		};
		2FBC10A42B46883D00B12BD7 /* Build configuration list for PBXNativeTarget "WelcomePage" */ = {
			isa = XCConfigurationList;
			buildConfigurations = (
				2FBC10A52B46883D00B12BD7 /* Debug */,
				2FBC10A62B46883D00B12BD7 /* Release */,
			);
			defaultConfigurationIsVisible = 0;
			defaultConfigurationName = Release;
		};
		2FBC10A72B46883D00B12BD7 /* Build configuration list for PBXNativeTarget "WelcomePageTests" */ = {
			isa = XCConfigurationList;
			buildConfigurations = (
				2FBC10A82B46883D00B12BD7 /* Debug */,
				2FBC10A92B46883D00B12BD7 /* Release */,
			);
			defaultConfigurationIsVisible = 0;
			defaultConfigurationName = Release;
		};
		2FBC10AA2B46883D00B12BD7 /* Build configuration list for PBXNativeTarget "WelcomePageUITests" */ = {
			isa = XCConfigurationList;
			buildConfigurations = (
				2FBC10AB2B46883D00B12BD7 /* Debug */,
				2FBC10AC2B46883D00B12BD7 /* Release */,
			);
			defaultConfigurationIsVisible = 0;
			defaultConfigurationName = Release;
		};
/* End XCConfigurationList section */
	};
	rootObject = 2FBC10782B46883700B12BD7 /* Project object */;
}
