// !$*UTF8*$!
{
	archiveVersion = 1;
	classes = {
	};
	objectVersion = 56;
	objects = {

/* Begin PBXBuildFile section */
		2F1E087B2BBEA62C001876A3 /* ErrorWrapper.swift in Sources */ = {isa = PBXBuildFile; fileRef = 2F1E087A2BBEA62C001876A3 /* ErrorWrapper.swift */; };
		2F1E087D2BBEA6F6001876A3 /* ErrorView.swift in Sources */ = {isa = PBXBuildFile; fileRef = 2F1E087C2BBEA6F6001876A3 /* ErrorView.swift */; };
		2F1E087F2BBEB1C1001876A3 /* MeetingTimerView.swift in Sources */ = {isa = PBXBuildFile; fileRef = 2F1E087E2BBEB1C1001876A3 /* MeetingTimerView.swift */; };
		2F2345172B493DF90055BC1B /* ThemeView.swift in Sources */ = {isa = PBXBuildFile; fileRef = 2F2345162B493DF90055BC1B /* ThemeView.swift */; };
		2F23451A2B493F270055BC1B /* ThemePicker.swift in Sources */ = {isa = PBXBuildFile; fileRef = 2F2345192B493F270055BC1B /* ThemePicker.swift */; };
		2F729CB72B494C03005C2738 /* MeetingHeaderView.swift in Sources */ = {isa = PBXBuildFile; fileRef = 2F729CB62B494C03005C2738 /* MeetingHeaderView.swift */; };
		2F729CB92B494D90005C2738 /* ScrumProgressViewStyle.swift in Sources */ = {isa = PBXBuildFile; fileRef = 2F729CB82B494D90005C2738 /* ScrumProgressViewStyle.swift */; };
		2F729CBB2B494E7B005C2738 /* ScrumTimer.swift in Sources */ = {isa = PBXBuildFile; fileRef = 2F729CBA2B494E7B005C2738 /* ScrumTimer.swift */; };
		2F729CBD2B4A3EA2005C2738 /* MeetingFooterView.swift in Sources */ = {isa = PBXBuildFile; fileRef = 2F729CBC2B4A3EA2005C2738 /* MeetingFooterView.swift */; };
		2F729CBF2B4A4EF4005C2738 /* AVPlayer+Ding.swift in Sources */ = {isa = PBXBuildFile; fileRef = 2F729CBE2B4A4EF4005C2738 /* AVPlayer+Ding.swift */; };
		2F729CC22B4A4F63005C2738 /* ding.wav in Resources */ = {isa = PBXBuildFile; fileRef = 2F729CC12B4A4F63005C2738 /* ding.wav */; };
		2F729CC42B4BA1E5005C2738 /* NewScrumSheet.swift in Sources */ = {isa = PBXBuildFile; fileRef = 2F729CC32B4BA1E5005C2738 /* NewScrumSheet.swift */; };
		2F729CC62B4BA382005C2738 /* History.swift in Sources */ = {isa = PBXBuildFile; fileRef = 2F729CC52B4BA382005C2738 /* History.swift */; };
		2F729CC82B4CD748005C2738 /* ScrumStore.swift in Sources */ = {isa = PBXBuildFile; fileRef = 2F729CC72B4CD748005C2738 /* ScrumStore.swift */; };
		2FBC112E2B47A79B00B12BD7 /* ScrumdingerApp.swift in Sources */ = {isa = PBXBuildFile; fileRef = 2FBC112D2B47A79B00B12BD7 /* ScrumdingerApp.swift */; };
		2FBC11302B47A79B00B12BD7 /* MeetingView.swift in Sources */ = {isa = PBXBuildFile; fileRef = 2FBC112F2B47A79B00B12BD7 /* MeetingView.swift */; };
		2FBC11322B47A79E00B12BD7 /* Assets.xcassets in Resources */ = {isa = PBXBuildFile; fileRef = 2FBC11312B47A79E00B12BD7 /* Assets.xcassets */; };
		2FBC11352B47A79E00B12BD7 /* Preview Assets.xcassets in Resources */ = {isa = PBXBuildFile; fileRef = 2FBC11342B47A79E00B12BD7 /* Preview Assets.xcassets */; };
		2FBC113D2B47AFBD00B12BD7 /* Theme.swift in Sources */ = {isa = PBXBuildFile; fileRef = 2FBC113C2B47AFBD00B12BD7 /* Theme.swift */; };
		2FBC113F2B47B0FA00B12BD7 /* DailyScrum.swift in Sources */ = {isa = PBXBuildFile; fileRef = 2FBC113E2B47B0FA00B12BD7 /* DailyScrum.swift */; };
		2FBC11412B47B39A00B12BD7 /* CardView.swift in Sources */ = {isa = PBXBuildFile; fileRef = 2FBC11402B47B39A00B12BD7 /* CardView.swift */; };
		2FBC11432B47B94400B12BD7 /* TrailingIconLabelStyle.swift in Sources */ = {isa = PBXBuildFile; fileRef = 2FBC11422B47B94400B12BD7 /* TrailingIconLabelStyle.swift */; };
		2FBC11452B47D8C800B12BD7 /* ScrumsView.swift in Sources */ = {isa = PBXBuildFile; fileRef = 2FBC11442B47D8C800B12BD7 /* ScrumsView.swift */; };
		2FBC11472B47DDB900B12BD7 /* DetailView.swift in Sources */ = {isa = PBXBuildFile; fileRef = 2FBC11462B47DDB900B12BD7 /* DetailView.swift */; };
		2FBC11492B47F11E00B12BD7 /* DetailEditView.swift in Sources */ = {isa = PBXBuildFile; fileRef = 2FBC11482B47F11E00B12BD7 /* DetailEditView.swift */; };
/* End PBXBuildFile section */

/* Begin PBXFileReference section */
		2F1E087A2BBEA62C001876A3 /* ErrorWrapper.swift */ = {isa = PBXFileReference; lastKnownFileType = sourcecode.swift; path = ErrorWrapper.swift; sourceTree = "<group>"; };
		2F1E087C2BBEA6F6001876A3 /* ErrorView.swift */ = {isa = PBXFileReference; lastKnownFileType = sourcecode.swift; path = ErrorView.swift; sourceTree = "<group>"; };
		2F1E087E2BBEB1C1001876A3 /* MeetingTimerView.swift */ = {isa = PBXFileReference; lastKnownFileType = sourcecode.swift; path = MeetingTimerView.swift; sourceTree = "<group>"; };
		2F2345162B493DF90055BC1B /* ThemeView.swift */ = {isa = PBXFileReference; lastKnownFileType = sourcecode.swift; path = ThemeView.swift; sourceTree = "<group>"; };
		2F2345192B493F270055BC1B /* ThemePicker.swift */ = {isa = PBXFileReference; lastKnownFileType = sourcecode.swift; path = ThemePicker.swift; sourceTree = "<group>"; };
		2F729CB62B494C03005C2738 /* MeetingHeaderView.swift */ = {isa = PBXFileReference; lastKnownFileType = sourcecode.swift; path = MeetingHeaderView.swift; sourceTree = "<group>"; };
		2F729CB82B494D90005C2738 /* ScrumProgressViewStyle.swift */ = {isa = PBXFileReference; fileEncoding = 4; lastKnownFileType = sourcecode.swift; path = ScrumProgressViewStyle.swift; sourceTree = "<group>"; };
		2F729CBA2B494E7B005C2738 /* ScrumTimer.swift */ = {isa = PBXFileReference; lastKnownFileType = sourcecode.swift; path = ScrumTimer.swift; sourceTree = "<group>"; };
		2F729CBC2B4A3EA2005C2738 /* MeetingFooterView.swift */ = {isa = PBXFileReference; lastKnownFileType = sourcecode.swift; path = MeetingFooterView.swift; sourceTree = "<group>"; };
		2F729CBE2B4A4EF4005C2738 /* AVPlayer+Ding.swift */ = {isa = PBXFileReference; lastKnownFileType = sourcecode.swift; path = "AVPlayer+Ding.swift"; sourceTree = "<group>"; };
		2F729CC12B4A4F63005C2738 /* ding.wav */ = {isa = PBXFileReference; lastKnownFileType = audio.wav; path = ding.wav; sourceTree = "<group>"; };
		2F729CC32B4BA1E5005C2738 /* NewScrumSheet.swift */ = {isa = PBXFileReference; lastKnownFileType = sourcecode.swift; path = NewScrumSheet.swift; sourceTree = "<group>"; };
		2F729CC52B4BA382005C2738 /* History.swift */ = {isa = PBXFileReference; lastKnownFileType = sourcecode.swift; path = History.swift; sourceTree = "<group>"; };
		2F729CC72B4CD748005C2738 /* ScrumStore.swift */ = {isa = PBXFileReference; lastKnownFileType = sourcecode.swift; path = ScrumStore.swift; sourceTree = "<group>"; };
		2FBC112A2B47A79B00B12BD7 /* Scrumdinger.app */ = {isa = PBXFileReference; explicitFileType = wrapper.application; includeInIndex = 0; path = Scrumdinger.app; sourceTree = BUILT_PRODUCTS_DIR; };
		2FBC112D2B47A79B00B12BD7 /* ScrumdingerApp.swift */ = {isa = PBXFileReference; lastKnownFileType = sourcecode.swift; path = ScrumdingerApp.swift; sourceTree = "<group>"; };
		2FBC112F2B47A79B00B12BD7 /* MeetingView.swift */ = {isa = PBXFileReference; lastKnownFileType = sourcecode.swift; path = MeetingView.swift; sourceTree = "<group>"; };
		2FBC11312B47A79E00B12BD7 /* Assets.xcassets */ = {isa = PBXFileReference; lastKnownFileType = folder.assetcatalog; path = Assets.xcassets; sourceTree = "<group>"; };
		2FBC11342B47A79E00B12BD7 /* Preview Assets.xcassets */ = {isa = PBXFileReference; lastKnownFileType = folder.assetcatalog; path = "Preview Assets.xcassets"; sourceTree = "<group>"; };
		2FBC113C2B47AFBD00B12BD7 /* Theme.swift */ = {isa = PBXFileReference; lastKnownFileType = sourcecode.swift; path = Theme.swift; sourceTree = "<group>"; };
		2FBC113E2B47B0FA00B12BD7 /* DailyScrum.swift */ = {isa = PBXFileReference; lastKnownFileType = sourcecode.swift; path = DailyScrum.swift; sourceTree = "<group>"; };
		2FBC11402B47B39A00B12BD7 /* CardView.swift */ = {isa = PBXFileReference; lastKnownFileType = sourcecode.swift; path = CardView.swift; sourceTree = "<group>"; };
		2FBC11422B47B94400B12BD7 /* TrailingIconLabelStyle.swift */ = {isa = PBXFileReference; lastKnownFileType = sourcecode.swift; path = TrailingIconLabelStyle.swift; sourceTree = "<group>"; };
		2FBC11442B47D8C800B12BD7 /* ScrumsView.swift */ = {isa = PBXFileReference; lastKnownFileType = sourcecode.swift; path = ScrumsView.swift; sourceTree = "<group>"; };
		2FBC11462B47DDB900B12BD7 /* DetailView.swift */ = {isa = PBXFileReference; lastKnownFileType = sourcecode.swift; path = DetailView.swift; sourceTree = "<group>"; };
		2FBC11482B47F11E00B12BD7 /* DetailEditView.swift */ = {isa = PBXFileReference; lastKnownFileType = sourcecode.swift; path = DetailEditView.swift; sourceTree = "<group>"; };
/* End PBXFileReference section */

/* Begin PBXFrameworksBuildPhase section */
		2FBC11272B47A79B00B12BD7 /* Frameworks */ = {
			isa = PBXFrameworksBuildPhase;
			buildActionMask = 2147483647;
			files = (
			);
			runOnlyForDeploymentPostprocessing = 0;
		};
/* End PBXFrameworksBuildPhase section */

/* Begin PBXGroup section */
		2F2345182B493E050055BC1B /* Views */ = {
			isa = PBXGroup;
			children = (
				2FBC11402B47B39A00B12BD7 /* CardView.swift */,
				2FBC11482B47F11E00B12BD7 /* DetailEditView.swift */,
				2FBC11462B47DDB900B12BD7 /* DetailView.swift */,
				2F729CB62B494C03005C2738 /* MeetingHeaderView.swift */,
				2FBC112F2B47A79B00B12BD7 /* MeetingView.swift */,
				2F729CB82B494D90005C2738 /* ScrumProgressViewStyle.swift */,
				2FBC11442B47D8C800B12BD7 /* ScrumsView.swift */,
				2F2345192B493F270055BC1B /* ThemePicker.swift */,
				2F2345162B493DF90055BC1B /* ThemeView.swift */,
				2FBC11422B47B94400B12BD7 /* TrailingIconLabelStyle.swift */,
				2F729CBC2B4A3EA2005C2738 /* MeetingFooterView.swift */,
				2F729CC32B4BA1E5005C2738 /* NewScrumSheet.swift */,
				2F1E087C2BBEA6F6001876A3 /* ErrorView.swift */,
				2F1E087E2BBEB1C1001876A3 /* MeetingTimerView.swift */,
			);
			path = Views;
			sourceTree = "<group>";
		};
		2F729CC02B4A4F48005C2738 /* Resources */ = {
			isa = PBXGroup;
			children = (
				2F729CC12B4A4F63005C2738 /* ding.wav */,
			);
			path = Resources;
			sourceTree = "<group>";
		};
		2FBC11212B47A79B00B12BD7 = {
			isa = PBXGroup;
			children = (
				2FBC112C2B47A79B00B12BD7 /* Scrumdinger */,
				2FBC112B2B47A79B00B12BD7 /* Products */,
			);
			sourceTree = "<group>";
		};
		2FBC112B2B47A79B00B12BD7 /* Products */ = {
			isa = PBXGroup;
			children = (
				2FBC112A2B47A79B00B12BD7 /* Scrumdinger.app */,
			);
			name = Products;
			sourceTree = "<group>";
		};
		2FBC112C2B47A79B00B12BD7 /* Scrumdinger */ = {
			isa = PBXGroup;
			children = (
				2F729CC02B4A4F48005C2738 /* Resources */,
				2FBC11312B47A79E00B12BD7 /* Assets.xcassets */,
				2FBC113B2B47AFAF00B12BD7 /* Models */,
				2FBC11332B47A79E00B12BD7 /* Preview Content */,
				2FBC112D2B47A79B00B12BD7 /* ScrumdingerApp.swift */,
				2F2345182B493E050055BC1B /* Views */,
			);
			path = Scrumdinger;
			sourceTree = "<group>";
		};
		2FBC11332B47A79E00B12BD7 /* Preview Content */ = {
			isa = PBXGroup;
			children = (
				2FBC11342B47A79E00B12BD7 /* Preview Assets.xcassets */,
			);
			path = "Preview Content";
			sourceTree = "<group>";
		};
		2FBC113B2B47AFAF00B12BD7 /* Models */ = {
			isa = PBXGroup;
			children = (
				2FBC113E2B47B0FA00B12BD7 /* DailyScrum.swift */,
				2FBC113C2B47AFBD00B12BD7 /* Theme.swift */,
				2F729CBA2B494E7B005C2738 /* ScrumTimer.swift */,
				2F729CBE2B4A4EF4005C2738 /* AVPlayer+Ding.swift */,
				2F729CC52B4BA382005C2738 /* History.swift */,
				2F729CC72B4CD748005C2738 /* ScrumStore.swift */,
				2F1E087A2BBEA62C001876A3 /* ErrorWrapper.swift */,
			);
			path = Models;
			sourceTree = "<group>";
		};
/* End PBXGroup section */

/* Begin PBXNativeTarget section */
		2FBC11292B47A79B00B12BD7 /* Scrumdinger */ = {
			isa = PBXNativeTarget;
			buildConfigurationList = 2FBC11382B47A79E00B12BD7 /* Build configuration list for PBXNativeTarget "Scrumdinger" */;
			buildPhases = (
				2FBC11262B47A79B00B12BD7 /* Sources */,
				2FBC11272B47A79B00B12BD7 /* Frameworks */,
				2FBC11282B47A79B00B12BD7 /* Resources */,
			);
			buildRules = (
			);
			dependencies = (
			);
			name = Scrumdinger;
			productName = Scrumdinger;
			productReference = 2FBC112A2B47A79B00B12BD7 /* Scrumdinger.app */;
			productType = "com.apple.product-type.application";
		};
/* End PBXNativeTarget section */

/* Begin PBXProject section */
		2FBC11222B47A79B00B12BD7 /* Project object */ = {
			isa = PBXProject;
			attributes = {
				BuildIndependentTargetsInParallel = 1;
				LastSwiftUpdateCheck = 1510;
				LastUpgradeCheck = 1510;
				TargetAttributes = {
					2FBC11292B47A79B00B12BD7 = {
						CreatedOnToolsVersion = 15.1;
					};
				};
			};
			buildConfigurationList = 2FBC11252B47A79B00B12BD7 /* Build configuration list for PBXProject "Scrumdinger" */;
			compatibilityVersion = "Xcode 14.0";
			developmentRegion = en;
			hasScannedForEncodings = 0;
			knownRegions = (
				en,
				Base,
			);
			mainGroup = 2FBC11212B47A79B00B12BD7;
			productRefGroup = 2FBC112B2B47A79B00B12BD7 /* Products */;
			projectDirPath = "";
			projectRoot = "";
			targets = (
				2FBC11292B47A79B00B12BD7 /* Scrumdinger */,
			);
		};
/* End PBXProject section */

/* Begin PBXResourcesBuildPhase section */
		2FBC11282B47A79B00B12BD7 /* Resources */ = {
			isa = PBXResourcesBuildPhase;
			buildActionMask = 2147483647;
			files = (
				2F729CC22B4A4F63005C2738 /* ding.wav in Resources */,
				2FBC11352B47A79E00B12BD7 /* Preview Assets.xcassets in Resources */,
				2FBC11322B47A79E00B12BD7 /* Assets.xcassets in Resources */,
			);
			runOnlyForDeploymentPostprocessing = 0;
		};
/* End PBXResourcesBuildPhase section */

/* Begin PBXSourcesBuildPhase section */
		2FBC11262B47A79B00B12BD7 /* Sources */ = {
			isa = PBXSourcesBuildPhase;
			buildActionMask = 2147483647;
			files = (
				2F729CC62B4BA382005C2738 /* History.swift in Sources */,
				2F23451A2B493F270055BC1B /* ThemePicker.swift in Sources */,
				2F729CB92B494D90005C2738 /* ScrumProgressViewStyle.swift in Sources */,
				2F729CBD2B4A3EA2005C2738 /* MeetingFooterView.swift in Sources */,
				2F1E087D2BBEA6F6001876A3 /* ErrorView.swift in Sources */,
				2F729CBB2B494E7B005C2738 /* ScrumTimer.swift in Sources */,
				2F1E087F2BBEB1C1001876A3 /* MeetingTimerView.swift in Sources */,
				2FBC113F2B47B0FA00B12BD7 /* DailyScrum.swift in Sources */,
				2F729CC82B4CD748005C2738 /* ScrumStore.swift in Sources */,
				2FBC11472B47DDB900B12BD7 /* DetailView.swift in Sources */,
				2F1E087B2BBEA62C001876A3 /* ErrorWrapper.swift in Sources */,
				2F729CB72B494C03005C2738 /* MeetingHeaderView.swift in Sources */,
				2FBC11492B47F11E00B12BD7 /* DetailEditView.swift in Sources */,
				2F729CC42B4BA1E5005C2738 /* NewScrumSheet.swift in Sources */,
				2FBC113D2B47AFBD00B12BD7 /* Theme.swift in Sources */,
				2FBC11432B47B94400B12BD7 /* TrailingIconLabelStyle.swift in Sources */,
				2FBC11452B47D8C800B12BD7 /* ScrumsView.swift in Sources */,
				2FBC11302B47A79B00B12BD7 /* MeetingView.swift in Sources */,
				2FBC112E2B47A79B00B12BD7 /* ScrumdingerApp.swift in Sources */,
				2F2345172B493DF90055BC1B /* ThemeView.swift in Sources */,
				2FBC11412B47B39A00B12BD7 /* CardView.swift in Sources */,
				2F729CBF2B4A4EF4005C2738 /* AVPlayer+Ding.swift in Sources */,
			);
			runOnlyForDeploymentPostprocessing = 0;
		};
/* End PBXSourcesBuildPhase section */

/* Begin XCBuildConfiguration section */
		2FBC11362B47A79E00B12BD7 /* Debug */ = {
			isa = XCBuildConfiguration;
			buildSettings = {
				ALWAYS_SEARCH_USER_PATHS = NO;
				ASSETCATALOG_COMPILER_GENERATE_SWIFT_ASSET_SYMBOL_EXTENSIONS = YES;
				CLANG_ANALYZER_NONNULL = YES;
				CLANG_ANALYZER_NUMBER_OBJECT_CONVERSION = YES_AGGRESSIVE;
				CLANG_CXX_LANGUAGE_STANDARD = "gnu++20";
				CLANG_ENABLE_MODULES = YES;
				CLANG_ENABLE_OBJC_ARC = YES;
				CLANG_ENABLE_OBJC_WEAK = YES;
				CLANG_WARN_BLOCK_CAPTURE_AUTORELEASING = YES;
				CLANG_WARN_BOOL_CONVERSION = YES;
				CLANG_WARN_COMMA = YES;
				CLANG_WARN_CONSTANT_CONVERSION = YES;
				CLANG_WARN_DEPRECATED_OBJC_IMPLEMENTATIONS = YES;
				CLANG_WARN_DIRECT_OBJC_ISA_USAGE = YES_ERROR;
				CLANG_WARN_DOCUMENTATION_COMMENTS = YES;
				CLANG_WARN_EMPTY_BODY = YES;
				CLANG_WARN_ENUM_CONVERSION = YES;
				CLANG_WARN_INFINITE_RECURSION = YES;
				CLANG_WARN_INT_CONVERSION = YES;
				CLANG_WARN_NON_LITERAL_NULL_CONVERSION = YES;
				CLANG_WARN_OBJC_IMPLICIT_RETAIN_SELF = YES;
				CLANG_WARN_OBJC_LITERAL_CONVERSION = YES;
				CLANG_WARN_OBJC_ROOT_CLASS = YES_ERROR;
				CLANG_WARN_QUOTED_INCLUDE_IN_FRAMEWORK_HEADER = YES;
				CLANG_WARN_RANGE_LOOP_ANALYSIS = YES;
				CLANG_WARN_STRICT_PROTOTYPES = YES;
				CLANG_WARN_SUSPICIOUS_MOVE = YES;
				CLANG_WARN_UNGUARDED_AVAILABILITY = YES_AGGRESSIVE;
				CLANG_WARN_UNREACHABLE_CODE = YES;
				CLANG_WARN__DUPLICATE_METHOD_MATCH = YES;
				COPY_PHASE_STRIP = NO;
				DEBUG_INFORMATION_FORMAT = dwarf;
				ENABLE_STRICT_OBJC_MSGSEND = YES;
				ENABLE_TESTABILITY = YES;
				ENABLE_USER_SCRIPT_SANDBOXING = YES;
				GCC_C_LANGUAGE_STANDARD = gnu17;
				GCC_DYNAMIC_NO_PIC = NO;
				GCC_NO_COMMON_BLOCKS = YES;
				GCC_OPTIMIZATION_LEVEL = 0;
				GCC_PREPROCESSOR_DEFINITIONS = (
					"DEBUG=1",
					"$(inherited)",
				);
				GCC_WARN_64_TO_32_BIT_CONVERSION = YES;
				GCC_WARN_ABOUT_RETURN_TYPE = YES_ERROR;
				GCC_WARN_UNDECLARED_SELECTOR = YES;
				GCC_WARN_UNINITIALIZED_AUTOS = YES_AGGRESSIVE;
				GCC_WARN_UNUSED_FUNCTION = YES;
				GCC_WARN_UNUSED_VARIABLE = YES;
				IPHONEOS_DEPLOYMENT_TARGET = 17.2;
				LOCALIZATION_PREFERS_STRING_CATALOGS = YES;
				MTL_ENABLE_DEBUG_INFO = INCLUDE_SOURCE;
				MTL_FAST_MATH = YES;
				ONLY_ACTIVE_ARCH = YES;
				SDKROOT = iphoneos;
				SWIFT_ACTIVE_COMPILATION_CONDITIONS = "DEBUG $(inherited)";
				SWIFT_OPTIMIZATION_LEVEL = "-Onone";
			};
			name = Debug;
		};
		2FBC11372B47A79E00B12BD7 /* Release */ = {
			isa = XCBuildConfiguration;
			buildSettings = {
				ALWAYS_SEARCH_USER_PATHS = NO;
				ASSETCATALOG_COMPILER_GENERATE_SWIFT_ASSET_SYMBOL_EXTENSIONS = YES;
				CLANG_ANALYZER_NONNULL = YES;
				CLANG_ANALYZER_NUMBER_OBJECT_CONVERSION = YES_AGGRESSIVE;
				CLANG_CXX_LANGUAGE_STANDARD = "gnu++20";
				CLANG_ENABLE_MODULES = YES;
				CLANG_ENABLE_OBJC_ARC = YES;
				CLANG_ENABLE_OBJC_WEAK = YES;
				CLANG_WARN_BLOCK_CAPTURE_AUTORELEASING = YES;
				CLANG_WARN_BOOL_CONVERSION = YES;
				CLANG_WARN_COMMA = YES;
				CLANG_WARN_CONSTANT_CONVERSION = YES;
				CLANG_WARN_DEPRECATED_OBJC_IMPLEMENTATIONS = YES;
				CLANG_WARN_DIRECT_OBJC_ISA_USAGE = YES_ERROR;
				CLANG_WARN_DOCUMENTATION_COMMENTS = YES;
				CLANG_WARN_EMPTY_BODY = YES;
				CLANG_WARN_ENUM_CONVERSION = YES;
				CLANG_WARN_INFINITE_RECURSION = YES;
				CLANG_WARN_INT_CONVERSION = YES;
				CLANG_WARN_NON_LITERAL_NULL_CONVERSION = YES;
				CLANG_WARN_OBJC_IMPLICIT_RETAIN_SELF = YES;
				CLANG_WARN_OBJC_LITERAL_CONVERSION = YES;
				CLANG_WARN_OBJC_ROOT_CLASS = YES_ERROR;
				CLANG_WARN_QUOTED_INCLUDE_IN_FRAMEWORK_HEADER = YES;
				CLANG_WARN_RANGE_LOOP_ANALYSIS = YES;
				CLANG_WARN_STRICT_PROTOTYPES = YES;
				CLANG_WARN_SUSPICIOUS_MOVE = YES;
				CLANG_WARN_UNGUARDED_AVAILABILITY = YES_AGGRESSIVE;
				CLANG_WARN_UNREACHABLE_CODE = YES;
				CLANG_WARN__DUPLICATE_METHOD_MATCH = YES;
				COPY_PHASE_STRIP = NO;
				DEBUG_INFORMATION_FORMAT = "dwarf-with-dsym";
				ENABLE_NS_ASSERTIONS = NO;
				ENABLE_STRICT_OBJC_MSGSEND = YES;
				ENABLE_USER_SCRIPT_SANDBOXING = YES;
				GCC_C_LANGUAGE_STANDARD = gnu17;
				GCC_NO_COMMON_BLOCKS = YES;
				GCC_WARN_64_TO_32_BIT_CONVERSION = YES;
				GCC_WARN_ABOUT_RETURN_TYPE = YES_ERROR;
				GCC_WARN_UNDECLARED_SELECTOR = YES;
				GCC_WARN_UNINITIALIZED_AUTOS = YES_AGGRESSIVE;
				GCC_WARN_UNUSED_FUNCTION = YES;
				GCC_WARN_UNUSED_VARIABLE = YES;
				IPHONEOS_DEPLOYMENT_TARGET = 17.2;
				LOCALIZATION_PREFERS_STRING_CATALOGS = YES;
				MTL_ENABLE_DEBUG_INFO = NO;
				MTL_FAST_MATH = YES;
				SDKROOT = iphoneos;
				SWIFT_COMPILATION_MODE = wholemodule;
				VALIDATE_PRODUCT = YES;
			};
			name = Release;
		};
		2FBC11392B47A79E00B12BD7 /* Debug */ = {
			isa = XCBuildConfiguration;
			buildSettings = {
				ASSETCATALOG_COMPILER_APPICON_NAME = AppIcon;
				ASSETCATALOG_COMPILER_GLOBAL_ACCENT_COLOR_NAME = AccentColor;
				CODE_SIGN_STYLE = Automatic;
				CURRENT_PROJECT_VERSION = 1;
				DEVELOPMENT_ASSET_PATHS = "\"Scrumdinger/Preview Content\"";
				ENABLE_PREVIEWS = YES;
				GENERATE_INFOPLIST_FILE = YES;
				INFOPLIST_KEY_UIApplicationSceneManifest_Generation = YES;
				INFOPLIST_KEY_UIApplicationSupportsIndirectInputEvents = YES;
				INFOPLIST_KEY_UILaunchScreen_Generation = YES;
				INFOPLIST_KEY_UISupportedInterfaceOrientations_iPad = "UIInterfaceOrientationPortrait UIInterfaceOrientationPortraitUpsideDown UIInterfaceOrientationLandscapeLeft UIInterfaceOrientationLandscapeRight";
				INFOPLIST_KEY_UISupportedInterfaceOrientations_iPhone = "UIInterfaceOrientationPortrait UIInterfaceOrientationLandscapeLeft UIInterfaceOrientationLandscapeRight";
				LD_RUNPATH_SEARCH_PATHS = (
					"$(inherited)",
					"@executable_path/Frameworks",
				);
				MARKETING_VERSION = 1.0;
				PRODUCT_BUNDLE_IDENTIFIER = nakandakari.toru.Scrumdinger;
				PRODUCT_NAME = "$(TARGET_NAME)";
				SWIFT_EMIT_LOC_STRINGS = YES;
				SWIFT_VERSION = 5.0;
				TARGETED_DEVICE_FAMILY = "1,2";
			};
			name = Debug;
		};
		2FBC113A2B47A79E00B12BD7 /* Release */ = {
			isa = XCBuildConfiguration;
			buildSettings = {
				ASSETCATALOG_COMPILER_APPICON_NAME = AppIcon;
				ASSETCATALOG_COMPILER_GLOBAL_ACCENT_COLOR_NAME = AccentColor;
				CODE_SIGN_STYLE = Automatic;
				CURRENT_PROJECT_VERSION = 1;
				DEVELOPMENT_ASSET_PATHS = "\"Scrumdinger/Preview Content\"";
				ENABLE_PREVIEWS = YES;
				GENERATE_INFOPLIST_FILE = YES;
				INFOPLIST_KEY_UIApplicationSceneManifest_Generation = YES;
				INFOPLIST_KEY_UIApplicationSupportsIndirectInputEvents = YES;
				INFOPLIST_KEY_UILaunchScreen_Generation = YES;
				INFOPLIST_KEY_UISupportedInterfaceOrientations_iPad = "UIInterfaceOrientationPortrait UIInterfaceOrientationPortraitUpsideDown UIInterfaceOrientationLandscapeLeft UIInterfaceOrientationLandscapeRight";
				INFOPLIST_KEY_UISupportedInterfaceOrientations_iPhone = "UIInterfaceOrientationPortrait UIInterfaceOrientationLandscapeLeft UIInterfaceOrientationLandscapeRight";
				LD_RUNPATH_SEARCH_PATHS = (
					"$(inherited)",
					"@executable_path/Frameworks",
				);
				MARKETING_VERSION = 1.0;
				PRODUCT_BUNDLE_IDENTIFIER = nakandakari.toru.Scrumdinger;
				PRODUCT_NAME = "$(TARGET_NAME)";
				SWIFT_EMIT_LOC_STRINGS = YES;
				SWIFT_VERSION = 5.0;
				TARGETED_DEVICE_FAMILY = "1,2";
			};
			name = Release;
		};
/* End XCBuildConfiguration section */

/* Begin XCConfigurationList section */
		2FBC11252B47A79B00B12BD7 /* Build configuration list for PBXProject "Scrumdinger" */ = {
			isa = XCConfigurationList;
			buildConfigurations = (
				2FBC11362B47A79E00B12BD7 /* Debug */,
				2FBC11372B47A79E00B12BD7 /* Release */,
			);
			defaultConfigurationIsVisible = 0;
			defaultConfigurationName = Release;
		};
		2FBC11382B47A79E00B12BD7 /* Build configuration list for PBXNativeTarget "Scrumdinger" */ = {
			isa = XCConfigurationList;
			buildConfigurations = (
				2FBC11392B47A79E00B12BD7 /* Debug */,
				2FBC113A2B47A79E00B12BD7 /* Release */,
			);
			defaultConfigurationIsVisible = 0;
			defaultConfigurationName = Release;
		};
/* End XCConfigurationList section */
	};
	rootObject = 2FBC11222B47A79B00B12BD7 /* Project object */;
}
